
Microsoft Visual Studio Solution File, Format Version 12.00
# Visual Studio 15
VisualStudioVersion = 15.0.28307.852
MinimumVisualStudioVersion = 10.0.40219.1
Project("{FAE04EC0-301F-11D3-BF4B-00C04F79EFBC}") = "MovieRatings.Web", "MovieRatings.Web\MovieRatings.Web.csproj", "{9C7821F3-5DBB-4B40-8F1F-BAF88E112400}"
EndProject
Global
	GlobalSection(SolutionConfigurationPlatforms) = preSolution
		Debug|Any CPU = Debug|Any CPU
		Release|Any CPU = Release|Any CPU
	EndGlobalSection
	GlobalSection(ProjectConfigurationPlatforms) = postSolution
		{9C7821F3-5DBB-4B40-8F1F-BAF88E112400}.Debug|Any CPU.ActiveCfg = Debug|Any CPU
		{9C7821F3-5DBB-4B40-8F1F-BAF88E112400}.Debug|Any CPU.Build.0 = Debug|Any CPU
		{9C7821F3-5DBB-4B40-8F1F-BAF88E112400}.Release|Any CPU.ActiveCfg = Release|Any CPU
		{9C7821F3-5DBB-4B40-8F1F-BAF88E112400}.Release|Any CPU.Build.0 = Release|Any CPU
	EndGlobalSection
	GlobalSection(SolutionProperties) = preSolution
		HideSolutionNode = FALSE
	EndGlobalSection
	GlobalSection(ExtensibilityGlobals) = postSolution
		SolutionGuid = {400998A6-3CC0-4385-82AD-08F668953654}
	EndGlobalSection
EndGlobal
